
Microsoft Visual Studio Solution File, Format Version 12.00
# Visual Studio Version 17
VisualStudioVersion = 17.8.34330.188
MinimumVisualStudioVersion = 10.0.40219.1
Project("{FAE04EC0-301F-11D3-BF4B-00C04F79EFBC}") = "Project598", "Project598\Project598.csproj", "{DF7409E5-2656-4E43-8147-B6219BEC1EF9}"
EndProject
Project("{2150E333-8FDC-42A3-9474-1A3956D46DE8}") = "Solution Items", "Solution Items", "{036231B5-1618-4C61-9185-816CF3BE1D94}"
	ProjectSection(SolutionItems) = preProject
		.gitignore = .gitignore
	EndProjectSection
EndProject
Global
	GlobalSection(SolutionConfigurationPlatforms) = preSolution
		Debug|Any CPU = Debug|Any CPU
		Release|Any CPU = Release|Any CPU
	EndGlobalSection
	GlobalSection(ProjectConfigurationPlatforms) = postSolution
		{DF7409E5-2656-4E43-8147-B6219BEC1EF9}.Debug|Any CPU.ActiveCfg = Debug|Any CPU
		{DF7409E5-2656-4E43-8147-B6219BEC1EF9}.Debug|Any CPU.Build.0 = Debug|Any CPU
		{DF7409E5-2656-4E43-8147-B6219BEC1EF9}.Release|Any CPU.ActiveCfg = Release|Any CPU
		{DF7409E5-2656-4E43-8147-B6219BEC1EF9}.Release|Any CPU.Build.0 = Release|Any CPU
	EndGlobalSection
	GlobalSection(SolutionProperties) = preSolution
		HideSolutionNode = FALSE
	EndGlobalSection
	GlobalSection(ExtensibilityGlobals) = postSolution
		SolutionGuid = {2FF82D0F-2821-4BC8-8848-0D1DBD4D071E}
	EndGlobalSection
EndGlobal
